
Microsoft Visual Studio Solution File, Format Version 12.00
# Visual Studio Version 17
VisualStudioVersion = 17.0.32112.339
MinimumVisualStudioVersion = 10.0.40219.1
Project("{FAE04EC0-301F-11D3-BF4B-00C04F79EFBC}") = "Hangman", "Hangman.csproj", "{1C7029DF-35B8-497A-861A-3786B94F6563}"
EndProject
Global
	GlobalSection(SolutionConfigurationPlatforms) = preSolution
		Debug|Any CPU = Debug|Any CPU
		Release|Any CPU = Release|Any CPU
	EndGlobalSection
	GlobalSection(ProjectConfigurationPlatforms) = postSolution
		{1C7029DF-35B8-497A-861A-3786B94F6563}.Debug|Any CPU.ActiveCfg = Debug|Any CPU
		{1C7029DF-35B8-497A-861A-3786B94F6563}.Debug|Any CPU.Build.0 = Debug|Any CPU
		{1C7029DF-35B8-497A-861A-3786B94F6563}.Release|Any CPU.ActiveCfg = Release|Any CPU
		{1C7029DF-35B8-497A-861A-3786B94F6563}.Release|Any CPU.Build.0 = Release|Any CPU
	EndGlobalSection
	GlobalSection(SolutionProperties) = preSolution
		HideSolutionNode = FALSE
	EndGlobalSection
	GlobalSection(ExtensibilityGlobals) = postSolution
		SolutionGuid = {D43712E0-ECE0-4486-8236-E928BD1FEC98}
	EndGlobalSection
EndGlobal
